
Microsoft Visual Studio Solution File, Format Version 12.00
# Visual Studio Version 16
VisualStudioVersion = 16.0.31729.503
MinimumVisualStudioVersion = 10.0.40219.1
Project("{FAE04EC0-301F-11D3-BF4B-00C04F79EFBC}") = "IndWork_Uni", "IndWork_Uni\IndWork_Uni.csproj", "{9389C7C2-399C-4AB5-A941-E949EDBD1141}"
EndProject
Global
	GlobalSection(SolutionConfigurationPlatforms) = preSolution
		Debug|Any CPU = Debug|Any CPU
		Release|Any CPU = Release|Any CPU
	EndGlobalSection
	GlobalSection(ProjectConfigurationPlatforms) = postSolution
		{9389C7C2-399C-4AB5-A941-E949EDBD1141}.Debug|Any CPU.ActiveCfg = Debug|Any CPU
		{9389C7C2-399C-4AB5-A941-E949EDBD1141}.Debug|Any CPU.Build.0 = Debug|Any CPU
		{9389C7C2-399C-4AB5-A941-E949EDBD1141}.Release|Any CPU.ActiveCfg = Release|Any CPU
		{9389C7C2-399C-4AB5-A941-E949EDBD1141}.Release|Any CPU.Build.0 = Release|Any CPU
	EndGlobalSection
	GlobalSection(SolutionProperties) = preSolution
		HideSolutionNode = FALSE
	EndGlobalSection
	GlobalSection(ExtensibilityGlobals) = postSolution
		SolutionGuid = {F59B511A-979F-43E7-9D76-1D5D5BADA697}
	EndGlobalSection
EndGlobal
